PODS:
  - Alamofire (5.4.4)
  - Nimble (9.2.1)
  - Quick (5.0.1)
  - Resolver (1.5.0)

DEPENDENCIES:
  - Alamofire
  - Nimble
  - Quick (~> 5.0.1)
  - Resolver (= 1.5.0)

SPEC REPOS:
  trunk:
    - Alamofire
    - Nimble
    - Quick
    - Resolver

SPEC CHECKSUMS:
  Alamofire: f3b09a368f1582ab751b3fff5460276e0d2cf5c9
  Nimble: e7e615c0335ee4bf5b0d786685451e62746117d5
  Quick: 749aa754fd1e7d984f2000fe051e18a3a9809179
  Resolver: 68984624572763018fd8ec7b8e3e8df0e3b6bba5

PODFILE CHECKSUM: 37ba629b2b7390c5cc47c1e697c5d91a68c30067

COCOAPODS: 1.11.2
